
Microsoft Visual Studio Solution File, Format Version 12.00
# Visual Studio Version 16
VisualStudioVersion = 16.0.30804.86
MinimumVisualStudioVersion = 10.0.40219.1
Project("{9A19103F-16F7-4668-BE54-9A1E7A4F7556}") = "requestapp", "requestapp.csproj", "{94FD86B2-E86F-4964-8B4E-1896D2B49B5F}"
EndProject
Global
	GlobalSection(SolutionConfigurationPlatforms) = preSolution
		Debug|Any CPU = Debug|Any CPU
		Release|Any CPU = Release|Any CPU
	EndGlobalSection
	GlobalSection(ProjectConfigurationPlatforms) = postSolution
		{94FD86B2-E86F-4964-8B4E-1896D2B49B5F}.Debug|Any CPU.ActiveCfg = Debug|Any CPU
		{94FD86B2-E86F-4964-8B4E-1896D2B49B5F}.Debug|Any CPU.Build.0 = Debug|Any CPU
		{94FD86B2-E86F-4964-8B4E-1896D2B49B5F}.Release|Any CPU.ActiveCfg = Release|Any CPU
		{94FD86B2-E86F-4964-8B4E-1896D2B49B5F}.Release|Any CPU.Build.0 = Release|Any CPU
	EndGlobalSection
	GlobalSection(SolutionProperties) = preSolution
		HideSolutionNode = FALSE
	EndGlobalSection
	GlobalSection(ExtensibilityGlobals) = postSolution
		SolutionGuid = {7B549973-FC45-4721-B5BF-93C6E34F1886}
	EndGlobalSection
EndGlobal
